# THIS IS AN AUTOGENERATED FILE. DO NOT EDIT THIS FILE DIRECTLY.
# yarn lockfile v1


"@mapbox/gl-matrix@^0.0.1":
  version "0.0.1"
  resolved "https://registry.npmjs.org/@mapbox/gl-matrix/-/gl-matrix-0.0.1.tgz#e5126aab4d64c36b81c7a97d0ae0dddde5773d2b"

"@mapbox/shelf-pack@^3.0.0":
  version "3.0.0"
  resolved "https://registry.npmjs.org/@mapbox/shelf-pack/-/shelf-pack-3.0.0.tgz#44e284c8336eeda1e9dbbb1d61954c70e26e5766"

"@mapbox/unitbezier@^0.0.0":
  version "0.0.0"
  resolved "https://registry.npmjs.org/@mapbox/unitbezier/-/unitbezier-0.0.0.tgz#15651bd553a67b8581fb398810c98ad86a34524e"

"@mapbox/whoots-js@^3.0.0":
  version "3.0.0"
  resolved "https://registry.npmjs.org/@mapbox/whoots-js/-/whoots-js-3.0.0.tgz#c1de4293081424da3ac30c23afa850af1019bb54"

"@terraeclipse/throttle-raf-decorator@^1.0.2":
  version "1.0.2"
  resolved "https://registry.npmjs.org/@terraeclipse/throttle-raf-decorator/-/throttle-raf-decorator-1.0.2.tgz#9ca764b6c5b83a9412e51137c1b51f54798e74d2"
  dependencies:
    raf "^3.3.2"

"@turf/bbox@^4.3.0":
  version "4.3.0"
  resolved "https://registry.npmjs.org/@turf/bbox/-/bbox-4.3.0.tgz#644c4b745172d21aae70d1584b2a7866f1040865"
  dependencies:
    "@turf/meta" "^4.3.0"

"@turf/meta@^4.3.0":
  version "4.3.0"
  resolved "https://registry.npmjs.org/@turf/meta/-/meta-4.3.0.tgz#eb11dd2c2511524258123767fe0f5c3bd963e8d7"

acorn-jsx@^3.0.1:
  version "3.0.1"
  resolved "https://registry.npmjs.org/acorn-jsx/-/acorn-jsx-3.0.1.tgz#afdf9488fb1ecefc8348f6fb22f464e32a58b36b"
  dependencies:
    acorn "^3.0.4"

acorn-object-spread@^1.0.0:
  version "1.0.0"
  resolved "https://registry.npmjs.org/acorn-object-spread/-/acorn-object-spread-1.0.0.tgz#48ead0f4a8eb16995a17a0db9ffc6acaada4ba68"
  dependencies:
    acorn "^3.1.0"

acorn@^1.0.3:
  version "1.2.2"
  resolved "https://registry.npmjs.org/acorn/-/acorn-1.2.2.tgz#c8ce27de0acc76d896d2b1fad3df588d9e82f014"

acorn@^3.0.4, acorn@^3.1.0, acorn@^3.3.0:
  version "3.3.0"
  resolved "https://registry.npmjs.org/acorn/-/acorn-3.3.0.tgz#45e37fb39e8da3f25baee3ff5369e2bb5f22017a"

acorn@^4.0.0:
  version "4.0.11"
  resolved "https://registry.npmjs.org/acorn/-/acorn-4.0.11.tgz#edcda3bd937e7556410d42ed5860f67399c794c0"

amdefine@>=0.0.4:
  version "1.0.1"
  resolved "https://registry.npmjs.org/amdefine/-/amdefine-1.0.1.tgz#4a5282ac164729e93619bcfd3ad151f817ce91f5"

ansi-regex@^2.0.0:
  version "2.1.1"
  resolved "https://registry.npmjs.org/ansi-regex/-/ansi-regex-2.1.1.tgz#c3b33ab5ee360d86e0e628f0468ae7ef27d654df"

ansi-styles@^2.2.1:
  version "2.2.1"
  resolved "https://registry.npmjs.org/ansi-styles/-/ansi-styles-2.2.1.tgz#b432dd3358b634cf75e1e4664368240533c1ddbe"

babylon@^6.15.0:
  version "6.17.1"
  resolved "https://registry.npmjs.org/babylon/-/babylon-6.17.1.tgz#17f14fddf361b695981fe679385e4f1c01ebd86f"

base64-js@0.0.2:
  version "0.0.2"
  resolved "https://registry.npmjs.org/base64-js/-/base64-js-0.0.2.tgz#024f0f72afa25b75f9c0ee73cd4f55ec1bed9784"

bops@0.0.6:
  version "0.0.6"
  resolved "https://registry.npmjs.org/bops/-/bops-0.0.6.tgz#082d1d55fa01e60dbdc2ebc2dba37f659554cf3a"
  dependencies:
    base64-js "0.0.2"
    to-utf8 "0.0.1"

brfs@^1.4.0:
  version "1.4.3"
  resolved "https://registry.npmjs.org/brfs/-/brfs-1.4.3.tgz#db675d6f5e923e6df087fca5859c9090aaed3216"
  dependencies:
    quote-stream "^1.0.1"
    resolve "^1.1.5"
    static-module "^1.1.0"
    through2 "^2.0.0"

browserify-package-json@^1.0.0:
  version "1.0.1"
  resolved "https://registry.npmjs.org/browserify-package-json/-/browserify-package-json-1.0.1.tgz#98dde8aa5c561fd6d3fe49bbaa102b74b396fdea"

buble@^0.15.1:
  version "0.15.2"
  resolved "https://registry.npmjs.org/buble/-/buble-0.15.2.tgz#547fc47483f8e5e8176d82aa5ebccb183b02d613"
  dependencies:
    acorn "^3.3.0"
    acorn-jsx "^3.0.1"
    acorn-object-spread "^1.0.0"
    chalk "^1.1.3"
    magic-string "^0.14.0"
    minimist "^1.2.0"
    os-homedir "^1.0.1"

bubleify@^0.7.0:
  version "0.7.0"
  resolved "https://registry.npmjs.org/bubleify/-/bubleify-0.7.0.tgz#d08ea642ffd085ff8711c8843f57072f0d5eb8f6"
  dependencies:
    buble "^0.15.1"
    object-assign "^4.0.1"

buffer-equal@0.0.1:
  version "0.0.1"
  resolved "https://registry.npmjs.org/buffer-equal/-/buffer-equal-0.0.1.tgz#91bc74b11ea405bc916bc6aa908faafa5b4aac4b"

buffer-shims@~1.0.0:
  version "1.0.0"
  resolved "https://registry.npmjs.org/buffer-shims/-/buffer-shims-1.0.0.tgz#9978ce317388c649ad8793028c3477ef044a8b51"

call-matcher@^1.0.1:
  version "1.0.1"
  resolved "https://registry.npmjs.org/call-matcher/-/call-matcher-1.0.1.tgz#5134d077984f712a54dad3cbf62de28dce416ca8"
  dependencies:
    core-js "^2.0.0"
    deep-equal "^1.0.0"
    espurify "^1.6.0"
    estraverse "^4.0.0"

chalk@^1.1.3:
  version "1.1.3"
  resolved "https://registry.npmjs.org/chalk/-/chalk-1.1.3.tgz#a8115c55e4a702fe4d150abd3872822a7e09fc98"
  dependencies:
    ansi-styles "^2.2.1"
    escape-string-regexp "^1.0.2"
    has-ansi "^2.0.0"
    strip-ansi "^3.0.0"
    supports-color "^2.0.0"

concat-stream@~1.2.1:
  version "1.2.1"
  resolved "https://registry.npmjs.org/concat-stream/-/concat-stream-1.2.1.tgz#f35100b6c46378bfba8b6b80f9f0d0ccdf13dc60"
  dependencies:
    bops "0.0.6"

concat-stream@~1.6.0:
  version "1.6.0"
  resolved "https://registry.npmjs.org/concat-stream/-/concat-stream-1.6.0.tgz#0aac662fd52be78964d5532f694784e70110acf7"
  dependencies:
    inherits "^2.0.3"
    readable-stream "^2.2.2"
    typedarray "^0.0.6"

convert-source-map@^1.1.1:
  version "1.5.0"
  resolved "https://registry.npmjs.org/convert-source-map/-/convert-source-map-1.5.0.tgz#9acd70851c6d5dfdd93d9282e5edf94a03ff46b5"

core-js@^2.0.0:
  version "2.4.1"
  resolved "https://registry.npmjs.org/core-js/-/core-js-2.4.1.tgz#4de911e667b0eae9124e34254b53aea6fc618d3e"

core-util-is@~1.0.0:
  version "1.0.2"
  resolved "https://registry.npmjs.org/core-util-is/-/core-util-is-1.0.2.tgz#b5fd54220aa2bc5ab57aab7140c940754503c1a7"

deep-equal@^1.0.0:
  version "1.0.1"
  resolved "https://registry.npmjs.org/deep-equal/-/deep-equal-1.0.1.tgz#f5d260292b660e084eff4cdbc9f08ad3247448b5"

deep-is@~0.1.3:
  version "0.1.3"
  resolved "https://registry.npmjs.org/deep-is/-/deep-is-0.1.3.tgz#b369d6fb5dbc13eecf524f91b070feedc357cf34"

duplexer2@~0.0.2:
  version "0.0.2"
  resolved "https://registry.npmjs.org/duplexer2/-/duplexer2-0.0.2.tgz#c614dcf67e2fb14995a91711e5a617e8a60a31db"
  dependencies:
    readable-stream "~1.1.9"

earcut@^2.0.3:
  version "2.1.1"
  resolved "https://registry.npmjs.org/earcut/-/earcut-2.1.1.tgz#157634e5f3ebb42224e475016e86a5b6ce556b45"

escape-string-regexp@^1.0.2:
  version "1.0.5"
  resolved "https://registry.npmjs.org/escape-string-regexp/-/escape-string-regexp-1.0.5.tgz#1b61c0562190a8dff6ae3bb2cf0200ca130b86d4"

escodegen@^1.6.1:
  version "1.8.1"
  resolved "https://registry.npmjs.org/escodegen/-/escodegen-1.8.1.tgz#5a5b53af4693110bebb0867aa3430dd3b70a1018"
  dependencies:
    esprima "^2.7.1"
    estraverse "^1.9.1"
    esutils "^2.0.2"
    optionator "^0.8.1"
  optionalDependencies:
    source-map "~0.2.0"

escodegen@~0.0.24:
  version "0.0.28"
  resolved "https://registry.npmjs.org/escodegen/-/escodegen-0.0.28.tgz#0e4ff1715f328775d6cab51ac44a406cd7abffd3"
  dependencies:
    esprima "~1.0.2"
    estraverse "~1.3.0"
  optionalDependencies:
    source-map ">= 0.1.2"

escodegen@~1.3.2:
  version "1.3.3"
  resolved "https://registry.npmjs.org/escodegen/-/escodegen-1.3.3.tgz#f024016f5a88e046fd12005055e939802e6c5f23"
  dependencies:
    esprima "~1.1.1"
    estraverse "~1.5.0"
    esutils "~1.0.0"
  optionalDependencies:
    source-map "~0.1.33"

esprima@^2.7.1:
  version "2.7.3"
  resolved "https://registry.npmjs.org/esprima/-/esprima-2.7.3.tgz#96e3b70d5779f6ad49cd032673d1c312767ba581"

esprima@~1.0.2:
  version "1.0.4"
  resolved "https://registry.npmjs.org/esprima/-/esprima-1.0.4.tgz#9f557e08fc3b4d26ece9dd34f8fbf476b62585ad"

esprima@~1.1.1:
  version "1.1.1"
  resolved "https://registry.npmjs.org/esprima/-/esprima-1.1.1.tgz#5b6f1547f4d102e670e140c509be6771d6aeb549"

espurify@^1.3.0, espurify@^1.6.0:
  version "1.7.0"
  resolved "https://registry.npmjs.org/espurify/-/espurify-1.7.0.tgz#1c5cf6cbccc32e6f639380bd4f991fab9ba9d226"
  dependencies:
    core-js "^2.0.0"

estraverse@^1.9.1:
  version "1.9.3"
  resolved "https://registry.npmjs.org/estraverse/-/estraverse-1.9.3.tgz#af67f2dc922582415950926091a4005d29c9bb44"

estraverse@^4.0.0, estraverse@^4.1.0:
  version "4.2.0"
  resolved "https://registry.npmjs.org/estraverse/-/estraverse-4.2.0.tgz#0dee3fed31fcd469618ce7342099fc1afa0bdb13"

estraverse@~1.3.0:
  version "1.3.2"
  resolved "https://registry.npmjs.org/estraverse/-/estraverse-1.3.2.tgz#37c2b893ef13d723f276d878d60d8535152a6c42"

estraverse@~1.5.0:
  version "1.5.1"
  resolved "https://registry.npmjs.org/estraverse/-/estraverse-1.5.1.tgz#867a3e8e58a9f84618afb6c2ddbcd916b7cbaf71"

esutils@^2.0.2:
  version "2.0.2"
  resolved "https://registry.npmjs.org/esutils/-/esutils-2.0.2.tgz#0abf4f1caa5bcb1f7a9d8acc6dea4faaa04bac9b"

esutils@~1.0.0:
  version "1.0.0"
  resolved "https://registry.npmjs.org/esutils/-/esutils-1.0.0.tgz#8151d358e20c8acc7fb745e7472c0025fe496570"

falafel@^1.0.0:
  version "1.2.0"
  resolved "https://registry.npmjs.org/falafel/-/falafel-1.2.0.tgz#c18d24ef5091174a497f318cd24b026a25cddab4"
  dependencies:
    acorn "^1.0.3"
    foreach "^2.0.5"
    isarray "0.0.1"
    object-keys "^1.0.6"

fast-levenshtein@~2.0.4:
  version "2.0.6"
  resolved "https://registry.npmjs.org/fast-levenshtein/-/fast-levenshtein-2.0.6.tgz#3d8a5c66883a16a30ca8643e851f19baa7797917"

flow-remove-types@^1.1.2:
  version "1.2.1"
  resolved "https://registry.npmjs.org/flow-remove-types/-/flow-remove-types-1.2.1.tgz#58e261bf8b842bd234c86cafb982a1213aff0edb"
  dependencies:
    babylon "^6.15.0"
    vlq "^0.2.1"

foreach@^2.0.5:
  version "2.0.5"
  resolved "https://registry.npmjs.org/foreach/-/foreach-2.0.5.tgz#0bee005018aeb260d0a3af3ae658dd0136ec1b99"

function-bind@^1.0.2:
  version "1.1.0"
  resolved "https://registry.npmjs.org/function-bind/-/function-bind-1.1.0.tgz#16176714c801798e4e8f2cf7f7529467bb4a5771"

geojson-area@0.1.0:
  version "0.1.0"
  resolved "https://registry.npmjs.org/geojson-area/-/geojson-area-0.1.0.tgz#d48d807082cfadf4a78df1349be50f38bf1894ae"
  dependencies:
    wgs84 "0.0.0"

geojson-rewind@^0.1.0:
  version "0.1.0"
  resolved "https://registry.npmjs.org/geojson-rewind/-/geojson-rewind-0.1.0.tgz#57022a054b196660d755354fe5d26684d90cd019"
  dependencies:
    concat-stream "~1.2.1"
    geojson-area "0.1.0"
    minimist "0.0.5"

geojson-vt@^2.4.0:
  version "2.4.0"
  resolved "https://registry.npmjs.org/geojson-vt/-/geojson-vt-2.4.0.tgz#3c1cf44493f35eb4d2c70c95da6550de66072c05"

grid-index@^1.0.0:
  version "1.0.0"
  resolved "https://registry.npmjs.org/grid-index/-/grid-index-1.0.0.tgz#ad2c5d54ce5b35437faff1d70a9aeb3d1d261110"

has-ansi@^2.0.0:
  version "2.0.0"
  resolved "https://registry.npmjs.org/has-ansi/-/has-ansi-2.0.0.tgz#34f5049ce1ecdf2b0649af3ef24e45ed35416d91"
  dependencies:
    ansi-regex "^2.0.0"

has@^1.0.0:
  version "1.0.1"
  resolved "https://registry.npmjs.org/has/-/has-1.0.1.tgz#8461733f538b0837c9361e39a9ab9e9704dc2f28"
  dependencies:
    function-bind "^1.0.2"

ieee754@^1.1.6:
  version "1.1.8"
  resolved "https://registry.npmjs.org/ieee754/-/ieee754-1.1.8.tgz#be33d40ac10ef1926701f6f08a2d86fbfd1ad3e4"

inherits@^2.0.3, inherits@~2.0.1:
  version "2.0.3"
  resolved "https://registry.npmjs.org/inherits/-/inherits-2.0.3.tgz#633c2c83e3da42a502f52466022480f4208261de"

isarray@0.0.1:
  version "0.0.1"
  resolved "https://registry.npmjs.org/isarray/-/isarray-0.0.1.tgz#8a18acfca9a8f4177e09abfc6038939b05d1eedf"

isarray@~1.0.0:
  version "1.0.0"
  resolved "https://registry.npmjs.org/isarray/-/isarray-1.0.0.tgz#bb935d48582cba168c06834957a54a3e07124f11"

kdbush@^1.0.1:
  version "1.0.1"
  resolved "https://registry.npmjs.org/kdbush/-/kdbush-1.0.1.tgz#3cbd03e9dead9c0f6f66ccdb96450e5cecc640e0"

levn@~0.3.0:
  version "0.3.0"
  resolved "https://registry.npmjs.org/levn/-/levn-0.3.0.tgz#3b09924edf9f083c0490fdd4c0bc4421e04764ee"
  dependencies:
    prelude-ls "~1.1.2"
    type-check "~0.3.2"

magic-string@^0.14.0:
  version "0.14.0"
  resolved "https://registry.npmjs.org/magic-string/-/magic-string-0.14.0.tgz#57224aef1701caeed273b17a39a956e72b172462"
  dependencies:
    vlq "^0.2.1"

mapbox-gl-supported@^1.2.0:
  version "1.2.0"
  resolved "https://registry.npmjs.org/mapbox-gl-supported/-/mapbox-gl-supported-1.2.0.tgz#cbd34df894206cadda9a33c8d9a4609f26bb1989"

mapbox-gl@^0.37.0:
  version "0.37.0"
  resolved "https://registry.npmjs.org/mapbox-gl/-/mapbox-gl-0.37.0.tgz#20103b0ae73a0e77fe9405439749318b87c04f10"
  dependencies:
    "@mapbox/gl-matrix" "^0.0.1"
    "@mapbox/shelf-pack" "^3.0.0"
    "@mapbox/unitbezier" "^0.0.0"
    "@mapbox/whoots-js" "^3.0.0"
    brfs "^1.4.0"
    bubleify "^0.7.0"
    earcut "^2.0.3"
    geojson-rewind "^0.1.0"
    geojson-vt "^2.4.0"
    grid-index "^1.0.0"
    mapbox-gl-supported "^1.2.0"
    package-json-versionify "^1.0.2"
    pbf "^1.3.2"
    point-geometry "^0.0.0"
    quickselect "^1.0.0"
    supercluster "^2.0.1"
    through2 "^2.0.3"
    tinyqueue "^1.1.0"
    unassertify "^2.0.0"
    unflowify "^1.0.0"
    vector-tile "^1.3.0"
    vt-pbf "^2.0.2"
    webworkify "^1.4.0"

minimist@0.0.5:
  version "0.0.5"
  resolved "https://registry.npmjs.org/minimist/-/minimist-0.0.5.tgz#d7aa327bcecf518f9106ac6b8f003fa3bcea8566"

minimist@0.0.8:
  version "0.0.8"
  resolved "https://registry.npmjs.org/minimist/-/minimist-0.0.8.tgz#857fcabfc3397d2625b8228262e86aa7a011b05d"

minimist@^1.1.3, minimist@^1.2.0:
  version "1.2.0"
  resolved "https://registry.npmjs.org/minimist/-/minimist-1.2.0.tgz#a35008b20f41383eec1fb914f4cd5df79a264284"

multi-stage-sourcemap@^0.2.1:
  version "0.2.1"
  resolved "https://registry.npmjs.org/multi-stage-sourcemap/-/multi-stage-sourcemap-0.2.1.tgz#b09fc8586eaa17f81d575c4ad02e0f7a3f6b1105"
  dependencies:
    source-map "^0.1.34"

object-assign@^4.0.1, object-assign@^4.1.0:
  version "4.1.1"
  resolved "https://registry.npmjs.org/object-assign/-/object-assign-4.1.1.tgz#2109adc7965887cfc05cbbd442cac8bfbb360863"

object-inspect@~0.4.0:
  version "0.4.0"
  resolved "https://registry.npmjs.org/object-inspect/-/object-inspect-0.4.0.tgz#f5157c116c1455b243b06ee97703392c5ad89fec"

object-keys@^1.0.6:
  version "1.0.11"
  resolved "https://registry.npmjs.org/object-keys/-/object-keys-1.0.11.tgz#c54601778ad560f1142ce0e01bcca8b56d13426d"

object-keys@~0.4.0:
  version "0.4.0"
  resolved "https://registry.npmjs.org/object-keys/-/object-keys-0.4.0.tgz#28a6aae7428dd2c3a92f3d95f21335dd204e0336"

optionator@^0.8.1:
  version "0.8.2"
  resolved "https://registry.npmjs.org/optionator/-/optionator-0.8.2.tgz#364c5e409d3f4d6301d6c0b4c05bba50180aeb64"
  dependencies:
    deep-is "~0.1.3"
    fast-levenshtein "~2.0.4"
    levn "~0.3.0"
    prelude-ls "~1.1.2"
    type-check "~0.3.2"
    wordwrap "~1.0.0"

os-homedir@^1.0.1:
  version "1.0.2"
  resolved "https://registry.npmjs.org/os-homedir/-/os-homedir-1.0.2.tgz#ffbc4988336e0e833de0c168c7ef152121aa7fb3"

package-json-versionify@^1.0.2:
  version "1.0.4"
  resolved "https://registry.npmjs.org/package-json-versionify/-/package-json-versionify-1.0.4.tgz#5860587a944873a6b7e6d26e8e51ffb22315bf17"
  dependencies:
    browserify-package-json "^1.0.0"

path-parse@^1.0.5:
  version "1.0.5"
  resolved "https://registry.npmjs.org/path-parse/-/path-parse-1.0.5.tgz#3c1adf871ea9cd6c9431b6ea2bd74a0ff055c4c1"

pbf@^1.3.2:
  version "1.3.7"
  resolved "https://registry.npmjs.org/pbf/-/pbf-1.3.7.tgz#1e3d047ba3cbe8086ae854a25503ab4537d4335d"
  dependencies:
    ieee754 "^1.1.6"
    resolve-protobuf-schema "^2.0.0"

performance-now@^2.1.0:
  version "2.1.0"
  resolved "https://registry.npmjs.org/performance-now/-/performance-now-2.1.0.tgz#6309f4e0e5fa913ec1c69307ae364b4b377c9e7b"

point-geometry@0.0.0, point-geometry@^0.0.0:
  version "0.0.0"
  resolved "https://registry.npmjs.org/point-geometry/-/point-geometry-0.0.0.tgz#6fcbcad7a803b6418247dd6e49c2853c584daff7"

prelude-ls@~1.1.2:
  version "1.1.2"
  resolved "https://registry.npmjs.org/prelude-ls/-/prelude-ls-1.1.2.tgz#21932a549f5e52ffd9a827f570e04be62a97da54"

process-nextick-args@~1.0.6:
  version "1.0.7"
  resolved "https://registry.npmjs.org/process-nextick-args/-/process-nextick-args-1.0.7.tgz#150e20b756590ad3f91093f25a4f2ad8bff30ba3"

protocol-buffers-schema@^2.0.2:
  version "2.2.0"
  resolved "https://registry.npmjs.org/protocol-buffers-schema/-/protocol-buffers-schema-2.2.0.tgz#d29c6cd73fb655978fb6989691180db844119f61"

quickselect@^1.0.0:
  version "1.0.0"
  resolved "https://registry.npmjs.org/quickselect/-/quickselect-1.0.0.tgz#02630818f9aae4ecab26f0103f98d061c17c58f3"

quote-stream@^1.0.1:
  version "1.0.2"
  resolved "https://registry.npmjs.org/quote-stream/-/quote-stream-1.0.2.tgz#84963f8c9c26b942e153feeb53aae74652b7e0b2"
  dependencies:
    buffer-equal "0.0.1"
    minimist "^1.1.3"
    through2 "^2.0.0"

quote-stream@~0.0.0:
  version "0.0.0"
  resolved "https://registry.npmjs.org/quote-stream/-/quote-stream-0.0.0.tgz#cde29e94c409b16e19dc7098b89b6658f9721d3b"
  dependencies:
    minimist "0.0.8"
    through2 "~0.4.1"

raf@^3.3.2:
  version "3.3.2"
  resolved "https://registry.npmjs.org/raf/-/raf-3.3.2.tgz#0c13be0b5b49b46f76d6669248d527cf2b02fe27"
  dependencies:
    performance-now "^2.1.0"

readable-stream@^2.1.5, readable-stream@^2.2.2:
  version "2.2.9"
  resolved "https://registry.npmjs.org/readable-stream/-/readable-stream-2.2.9.tgz#cf78ec6f4a6d1eb43d26488cac97f042e74b7fc8"
  dependencies:
    buffer-shims "~1.0.0"
    core-util-is "~1.0.0"
    inherits "~2.0.1"
    isarray "~1.0.0"
    process-nextick-args "~1.0.6"
    string_decoder "~1.0.0"
    util-deprecate "~1.0.1"

readable-stream@~1.0.17, readable-stream@~1.0.27-1:
  version "1.0.34"
  resolved "https://registry.npmjs.org/readable-stream/-/readable-stream-1.0.34.tgz#125820e34bc842d2f2aaafafe4c2916ee32c157c"
  dependencies:
    core-util-is "~1.0.0"
    inherits "~2.0.1"
    isarray "0.0.1"
    string_decoder "~0.10.x"

readable-stream@~1.1.9:
  version "1.1.14"
  resolved "https://registry.npmjs.org/readable-stream/-/readable-stream-1.1.14.tgz#7cf4c54ef648e3813084c636dd2079e166c081d9"
  dependencies:
    core-util-is "~1.0.0"
    inherits "~2.0.1"
    isarray "0.0.1"
    string_decoder "~0.10.x"

resolve-protobuf-schema@^2.0.0:
  version "2.0.0"
  resolved "https://registry.npmjs.org/resolve-protobuf-schema/-/resolve-protobuf-schema-2.0.0.tgz#e67b062a67f02d11bd6886e70efda788407e0fb4"
  dependencies:
    protocol-buffers-schema "^2.0.2"

resolve@^1.1.5:
  version "1.3.3"
  resolved "https://registry.npmjs.org/resolve/-/resolve-1.3.3.tgz#655907c3469a8680dc2de3a275a8fdd69691f0e5"
  dependencies:
    path-parse "^1.0.5"

shallow-copy@~0.0.1:
  version "0.0.1"
  resolved "https://registry.npmjs.org/shallow-copy/-/shallow-copy-0.0.1.tgz#415f42702d73d810330292cc5ee86eae1a11a170"

"source-map@>= 0.1.2", source-map@~0.2.0:
  version "0.2.0"
  resolved "https://registry.npmjs.org/source-map/-/source-map-0.2.0.tgz#dab73fbcfc2ba819b4de03bd6f6eaa48164b3f9d"
  dependencies:
    amdefine ">=0.0.4"

source-map@^0.1.34, source-map@~0.1.33:
  version "0.1.43"
  resolved "https://registry.npmjs.org/source-map/-/source-map-0.1.43.tgz#c24bc146ca517c1471f5dacbe2571b2b7f9e3346"
  dependencies:
    amdefine ">=0.0.4"

static-eval@~0.2.0:
  version "0.2.4"
  resolved "https://registry.npmjs.org/static-eval/-/static-eval-0.2.4.tgz#b7d34d838937b969f9641ca07d48f8ede263ea7b"
  dependencies:
    escodegen "~0.0.24"

static-module@^1.1.0:
  version "1.3.2"
  resolved "https://registry.npmjs.org/static-module/-/static-module-1.3.2.tgz#329fb9f223a566266bda71843b7d932c767174f3"
  dependencies:
    concat-stream "~1.6.0"
    duplexer2 "~0.0.2"
    escodegen "~1.3.2"
    falafel "^1.0.0"
    has "^1.0.0"
    object-inspect "~0.4.0"
    quote-stream "~0.0.0"
    readable-stream "~1.0.27-1"
    shallow-copy "~0.0.1"
    static-eval "~0.2.0"
    through2 "~0.4.1"

string_decoder@~0.10.x:
  version "0.10.31"
  resolved "https://registry.npmjs.org/string_decoder/-/string_decoder-0.10.31.tgz#62e203bc41766c6c28c9fc84301dab1c5310fa94"

string_decoder@~1.0.0:
  version "1.0.0"
  resolved "https://registry.npmjs.org/string_decoder/-/string_decoder-1.0.0.tgz#f06f41157b664d86069f84bdbdc9b0d8ab281667"
  dependencies:
    buffer-shims "~1.0.0"

strip-ansi@^3.0.0:
  version "3.0.1"
  resolved "https://registry.npmjs.org/strip-ansi/-/strip-ansi-3.0.1.tgz#6a385fb8853d952d5ff05d0e8aaf94278dc63dcf"
  dependencies:
    ansi-regex "^2.0.0"

supercluster@^2.0.1:
  version "2.3.0"
  resolved "https://registry.npmjs.org/supercluster/-/supercluster-2.3.0.tgz#87ab56081bbea9a1d724df5351ee9e8c3af2f48b"
  dependencies:
    kdbush "^1.0.1"

supports-color@^2.0.0:
  version "2.0.0"
  resolved "https://registry.npmjs.org/supports-color/-/supports-color-2.0.0.tgz#535d045ce6b6363fa40117084629995e9df324c7"

through2@^2.0.0, through2@^2.0.3:
  version "2.0.3"
  resolved "https://registry.npmjs.org/through2/-/through2-2.0.3.tgz#0004569b37c7c74ba39c43f3ced78d1ad94140be"
  dependencies:
    readable-stream "^2.1.5"
    xtend "~4.0.1"

through2@~0.4.1:
  version "0.4.2"
  resolved "https://registry.npmjs.org/through2/-/through2-0.4.2.tgz#dbf5866031151ec8352bb6c4db64a2292a840b9b"
  dependencies:
    readable-stream "~1.0.17"
    xtend "~2.1.1"

through@^2.3.7, through@^2.3.8:
  version "2.3.8"
  resolved "https://registry.npmjs.org/through/-/through-2.3.8.tgz#0dd4c9ffaabc357960b1b724115d7e0e86a2e1f5"

tinyqueue@^1.1.0:
  version "1.2.2"
  resolved "https://registry.npmjs.org/tinyqueue/-/tinyqueue-1.2.2.tgz#947229e5e4197aba988acd27751dcc582e6728ff"

to-utf8@0.0.1:
  version "0.0.1"
  resolved "https://registry.npmjs.org/to-utf8/-/to-utf8-0.0.1.tgz#d17aea72ff2fba39b9e43601be7b3ff72e089852"

type-check@~0.3.2:
  version "0.3.2"
  resolved "https://registry.npmjs.org/type-check/-/type-check-0.3.2.tgz#5884cab512cf1d355e3fb784f30804b2b520db72"
  dependencies:
    prelude-ls "~1.1.2"

typedarray@^0.0.6:
  version "0.0.6"
  resolved "https://registry.npmjs.org/typedarray/-/typedarray-0.0.6.tgz#867ac74e3864187b1d3d47d996a78ec5c8830777"

unassert@^1.3.1:
  version "1.5.1"
  resolved "https://registry.npmjs.org/unassert/-/unassert-1.5.1.tgz#cbc88ec387417c5a5e4c02d3cd07be98bd75ff76"
  dependencies:
    acorn "^4.0.0"
    call-matcher "^1.0.1"
    deep-equal "^1.0.0"
    espurify "^1.3.0"
    estraverse "^4.1.0"
    esutils "^2.0.2"
    object-assign "^4.1.0"

unassertify@^2.0.0:
  version "2.0.4"
  resolved "https://registry.npmjs.org/unassertify/-/unassertify-2.0.4.tgz#b3ca2ba5f29b4836e35a6dd77e5b20f6dbbf8e52"
  dependencies:
    acorn "^4.0.0"
    convert-source-map "^1.1.1"
    escodegen "^1.6.1"
    multi-stage-sourcemap "^0.2.1"
    through "^2.3.7"
    unassert "^1.3.1"

unflowify@^1.0.0:
  version "1.0.1"
  resolved "https://registry.npmjs.org/unflowify/-/unflowify-1.0.1.tgz#a2ea0d25c0affcc46955e6473575f7c5a1f4a696"
  dependencies:
    flow-remove-types "^1.1.2"
    through "^2.3.8"

util-deprecate@~1.0.1:
  version "1.0.2"
  resolved "https://registry.npmjs.org/util-deprecate/-/util-deprecate-1.0.2.tgz#450d4dc9fa70de732762fbd2d4a28981419a0ccf"

vector-tile@^1.1.3, vector-tile@^1.3.0:
  version "1.3.0"
  resolved "https://registry.npmjs.org/vector-tile/-/vector-tile-1.3.0.tgz#06d516a83b063f04c82ef539cf1bb1aebeb696b4"
  dependencies:
    point-geometry "0.0.0"

vlq@^0.2.1:
  version "0.2.2"
  resolved "https://registry.npmjs.org/vlq/-/vlq-0.2.2.tgz#e316d5257b40b86bb43cb8d5fea5d7f54d6b0ca1"

vt-pbf@^2.0.2:
  version "2.1.2"
  resolved "https://registry.npmjs.org/vt-pbf/-/vt-pbf-2.1.2.tgz#75409fded5f6c3910073a64c3e575cdeba387f01"
  dependencies:
    pbf "^1.3.2"
    point-geometry "0.0.0"
    vector-tile "^1.1.3"

webworkify@^1.4.0:
  version "1.4.0"
  resolved "https://registry.npmjs.org/webworkify/-/webworkify-1.4.0.tgz#71245d1e34cacf54e426bd955f8cc6ee12d024c2"

wgs84@0.0.0:
  version "0.0.0"
  resolved "https://registry.npmjs.org/wgs84/-/wgs84-0.0.0.tgz#34fdc555917b6e57cf2a282ed043710c049cdc76"

wordwrap@~1.0.0:
  version "1.0.0"
  resolved "https://registry.npmjs.org/wordwrap/-/wordwrap-1.0.0.tgz#27584810891456a4171c8d0226441ade90cbcaeb"

xtend@~2.1.1:
  version "2.1.2"
  resolved "https://registry.npmjs.org/xtend/-/xtend-2.1.2.tgz#6efecc2a4dad8e6962c4901b337ce7ba87b5d28b"
  dependencies:
    object-keys "~0.4.0"

xtend@~4.0.1:
  version "4.0.1"
  resolved "https://registry.npmjs.org/xtend/-/xtend-4.0.1.tgz#a5c6d532be656e23db820efb943a1f04998d63af"
